
Microsoft Visual Studio Solution File, Format Version 12.00
# Visual Studio 14
VisualStudioVersion = 14.0.23107.0
MinimumVisualStudioVersion = 10.0.40219.1
Project("{FAE04EC0-301F-11D3-BF4B-00C04F79EFBC}") = "CodeMask.Extensions", "CodeMask.Extensions\CodeMask.Extensions.csproj", "{3A9F76B8-76D8-46EB-9323-F4356CE51276}"
EndProject
Project("{FAE04EC0-301F-11D3-BF4B-00C04F79EFBC}") = "CodeMask.WPF.Controls", "CodeMask.WPF.Controls\CodeMask.WPF.Controls.csproj", "{B417BD98-127C-4458-B4D3-1350D1AA59AC}"
EndProject
Project("{FAE04EC0-301F-11D3-BF4B-00C04F79EFBC}") = "CodeMask.Windows.Extensions", "CodeMask.Windows.Extensions\CodeMask.Windows.Extensions.csproj", "{FFD51C4A-9225-402A-B550-47B86E887331}"
EndProject
Project("{2150E333-8FDC-42A3-9474-1A3956D46DE8}") = "WPF", "WPF", "{D0D0CAE4-9B7D-42A4-B1EC-6861728931B8}"
EndProject
Project("{2150E333-8FDC-42A3-9474-1A3956D46DE8}") = "cross platform", "cross platform", "{EF93FAC0-657E-4A47-A80B-94952F8770EA}"
EndProject
Project("{FAE04EC0-301F-11D3-BF4B-00C04F79EFBC}") = "CodeMask.WPF", "CodeMask.WPF\CodeMask.WPF.csproj", "{EA80B0F7-F450-4963-AE63-626FD5A9A213}"
EndProject
Project("{2150E333-8FDC-42A3-9474-1A3956D46DE8}") = "Dotnet", "Dotnet", "{CB009C80-EABA-4C84-8C6C-66A94C0F340D}"
EndProject
Project("{FAE04EC0-301F-11D3-BF4B-00C04F79EFBC}") = "CodeMask", "CodeMask\CodeMask.csproj", "{DB428E21-E523-4680-A23E-15BB7779B776}"
EndProject
Project("{FAE04EC0-301F-11D3-BF4B-00C04F79EFBC}") = "CodeMask.Windows", "CodeMask.Windows\CodeMask.Windows.csproj", "{AC4281DD-A867-4E6A-B6CE-B65136D4F763}"
EndProject
Project("{FAE04EC0-301F-11D3-BF4B-00C04F79EFBC}") = "CodeMask.WPF.Extensions", "CodeMask.WPF.Extensions\CodeMask.WPF.Extensions.csproj", "{BB93D807-093F-4041-9060-0B393F93E82E}"
EndProject
Global
	GlobalSection(SolutionConfigurationPlatforms) = preSolution
		Debug|Any CPU = Debug|Any CPU
		Release|Any CPU = Release|Any CPU
	EndGlobalSection
	GlobalSection(ProjectConfigurationPlatforms) = postSolution
		{3A9F76B8-76D8-46EB-9323-F4356CE51276}.Debug|Any CPU.ActiveCfg = Debug|Any CPU
		{3A9F76B8-76D8-46EB-9323-F4356CE51276}.Debug|Any CPU.Build.0 = Debug|Any CPU
		{3A9F76B8-76D8-46EB-9323-F4356CE51276}.Release|Any CPU.ActiveCfg = Release|Any CPU
		{3A9F76B8-76D8-46EB-9323-F4356CE51276}.Release|Any CPU.Build.0 = Release|Any CPU
		{B417BD98-127C-4458-B4D3-1350D1AA59AC}.Debug|Any CPU.ActiveCfg = Debug|Any CPU
		{B417BD98-127C-4458-B4D3-1350D1AA59AC}.Debug|Any CPU.Build.0 = Debug|Any CPU
		{B417BD98-127C-4458-B4D3-1350D1AA59AC}.Release|Any CPU.ActiveCfg = Release|Any CPU
		{B417BD98-127C-4458-B4D3-1350D1AA59AC}.Release|Any CPU.Build.0 = Release|Any CPU
		{FFD51C4A-9225-402A-B550-47B86E887331}.Debug|Any CPU.ActiveCfg = Debug|Any CPU
		{FFD51C4A-9225-402A-B550-47B86E887331}.Debug|Any CPU.Build.0 = Debug|Any CPU
		{FFD51C4A-9225-402A-B550-47B86E887331}.Release|Any CPU.ActiveCfg = Release|Any CPU
		{FFD51C4A-9225-402A-B550-47B86E887331}.Release|Any CPU.Build.0 = Release|Any CPU
		{EA80B0F7-F450-4963-AE63-626FD5A9A213}.Debug|Any CPU.ActiveCfg = Debug|Any CPU
		{EA80B0F7-F450-4963-AE63-626FD5A9A213}.Debug|Any CPU.Build.0 = Debug|Any CPU
		{EA80B0F7-F450-4963-AE63-626FD5A9A213}.Release|Any CPU.ActiveCfg = Release|Any CPU
		{EA80B0F7-F450-4963-AE63-626FD5A9A213}.Release|Any CPU.Build.0 = Release|Any CPU
		{DB428E21-E523-4680-A23E-15BB7779B776}.Debug|Any CPU.ActiveCfg = Debug|Any CPU
		{DB428E21-E523-4680-A23E-15BB7779B776}.Debug|Any CPU.Build.0 = Debug|Any CPU
		{DB428E21-E523-4680-A23E-15BB7779B776}.Release|Any CPU.ActiveCfg = Release|Any CPU
		{DB428E21-E523-4680-A23E-15BB7779B776}.Release|Any CPU.Build.0 = Release|Any CPU
		{AC4281DD-A867-4E6A-B6CE-B65136D4F763}.Debug|Any CPU.ActiveCfg = Debug|Any CPU
		{AC4281DD-A867-4E6A-B6CE-B65136D4F763}.Debug|Any CPU.Build.0 = Debug|Any CPU
		{AC4281DD-A867-4E6A-B6CE-B65136D4F763}.Release|Any CPU.ActiveCfg = Release|Any CPU
		{AC4281DD-A867-4E6A-B6CE-B65136D4F763}.Release|Any CPU.Build.0 = Release|Any CPU
		{BB93D807-093F-4041-9060-0B393F93E82E}.Debug|Any CPU.ActiveCfg = Debug|Any CPU
		{BB93D807-093F-4041-9060-0B393F93E82E}.Debug|Any CPU.Build.0 = Debug|Any CPU
		{BB93D807-093F-4041-9060-0B393F93E82E}.Release|Any CPU.ActiveCfg = Release|Any CPU
		{BB93D807-093F-4041-9060-0B393F93E82E}.Release|Any CPU.Build.0 = Release|Any CPU
	EndGlobalSection
	GlobalSection(SolutionProperties) = preSolution
		HideSolutionNode = FALSE
	EndGlobalSection
	GlobalSection(NestedProjects) = preSolution
		{3A9F76B8-76D8-46EB-9323-F4356CE51276} = {EF93FAC0-657E-4A47-A80B-94952F8770EA}
		{B417BD98-127C-4458-B4D3-1350D1AA59AC} = {D0D0CAE4-9B7D-42A4-B1EC-6861728931B8}
		{FFD51C4A-9225-402A-B550-47B86E887331} = {CB009C80-EABA-4C84-8C6C-66A94C0F340D}
		{EA80B0F7-F450-4963-AE63-626FD5A9A213} = {D0D0CAE4-9B7D-42A4-B1EC-6861728931B8}
		{DB428E21-E523-4680-A23E-15BB7779B776} = {EF93FAC0-657E-4A47-A80B-94952F8770EA}
		{AC4281DD-A867-4E6A-B6CE-B65136D4F763} = {CB009C80-EABA-4C84-8C6C-66A94C0F340D}
		{BB93D807-093F-4041-9060-0B393F93E82E} = {D0D0CAE4-9B7D-42A4-B1EC-6861728931B8}
	EndGlobalSection
EndGlobal
