
Microsoft Visual Studio Solution File, Format Version 12.00
# Visual Studio 14
VisualStudioVersion = 14.0.25123.0
MinimumVisualStudioVersion = 10.0.40219.1
Project("{FAE04EC0-301F-11D3-BF4B-00C04F79EFBC}") = "CodeMask.Extensions", "CodeMask.Extensions\CodeMask.Extensions.csproj", "{3A9F76B8-76D8-46EB-9323-F4356CE51276}"
EndProject
Project("{FAE04EC0-301F-11D3-BF4B-00C04F79EFBC}") = "CodeMask.WPF.Controls", "CodeMask.WPF.Controls\CodeMask.WPF.Controls.csproj", "{B417BD98-127C-4458-B4D3-1350D1AA59AC}"
EndProject
Project("{FAE04EC0-301F-11D3-BF4B-00C04F79EFBC}") = "CodeMask.Windows.Extensions", "CodeMask.Windows.Extensions\CodeMask.Windows.Extensions.csproj", "{FFD51C4A-9225-402A-B550-47B86E887331}"
EndProject
Project("{2150E333-8FDC-42A3-9474-1A3956D46DE8}") = "WPF", "WPF", "{D0D0CAE4-9B7D-42A4-B1EC-6861728931B8}"
EndProject
Project("{2150E333-8FDC-42A3-9474-1A3956D46DE8}") = "cross platform", "cross platform", "{EF93FAC0-657E-4A47-A80B-94952F8770EA}"
EndProject
Project("{FAE04EC0-301F-11D3-BF4B-00C04F79EFBC}") = "CodeMask.WPF", "CodeMask.WPF\CodeMask.WPF.csproj", "{EA80B0F7-F450-4963-AE63-626FD5A9A213}"
EndProject
Project("{2150E333-8FDC-42A3-9474-1A3956D46DE8}") = "Dotnet", "Dotnet", "{CB009C80-EABA-4C84-8C6C-66A94C0F340D}"
EndProject
Project("{FAE04EC0-301F-11D3-BF4B-00C04F79EFBC}") = "CodeMask", "CodeMask\CodeMask.csproj", "{DB428E21-E523-4680-A23E-15BB7779B776}"
EndProject
Project("{FAE04EC0-301F-11D3-BF4B-00C04F79EFBC}") = "CodeMask.Windows", "CodeMask.Windows\CodeMask.Windows.csproj", "{AC4281DD-A867-4E6A-B6CE-B65136D4F763}"
EndProject
Project("{FAE04EC0-301F-11D3-BF4B-00C04F79EFBC}") = "CodeMask.WPF.Extensions", "CodeMask.WPF.Extensions\CodeMask.WPF.Extensions.csproj", "{BB93D807-093F-4041-9060-0B393F93E82E}"
EndProject
Project("{FAE04EC0-301F-11D3-BF4B-00C04F79EFBC}") = "CodeMask.WPF.MarkupExtensions", "CodeMask.WPF.MarkupExtensions\CodeMask.WPF.MarkupExtensions.csproj", "{2D811809-48BD-4ACC-A5E5-0B39CA43C257}"
EndProject
Project("{2150E333-8FDC-42A3-9474-1A3956D46DE8}") = "UWP", "UWP", "{9356500F-9912-415B-808A-0E39916E694C}"
EndProject
Project("{FAE04EC0-301F-11D3-BF4B-00C04F79EFBC}") = "CodeMask.UWP", "CodeMask.UWP\CodeMask.UWP.csproj", "{0A92ADF2-D262-4217-8325-AA2C88C842CD}"
EndProject
Project("{FAE04EC0-301F-11D3-BF4B-00C04F79EFBC}") = "Theme.Metro", "Theme.Metro\Theme.Metro.csproj", "{0845032D-7271-4E87-9A3F-AE4189459FF7}"
EndProject
Project("{FAE04EC0-301F-11D3-BF4B-00C04F79EFBC}") = "ThemeTest", "ThemeTest\ThemeTest.csproj", "{B0AB59C3-EE7F-4250-B314-14470AF19A77}"
EndProject
Project("{FAE04EC0-301F-11D3-BF4B-00C04F79EFBC}") = "NativeMethods", "NativeMethods\NativeMethods.csproj", "{FBC1A727-5586-4DD8-A105-4EF50D05492A}"
EndProject
Project("{2150E333-8FDC-42A3-9474-1A3956D46DE8}") = "AvalonDock", "AvalonDock", "{7DF5412C-1DE4-4420-8727-0FFE72DEF042}"
EndProject
Project("{FAE04EC0-301F-11D3-BF4B-00C04F79EFBC}") = "AvalonDock.MVVMTestApp", "AvalonDock\AvalonDock.MVVMTestApp\AvalonDock.MVVMTestApp.csproj", "{AFD48591-D66C-47F3-86E7-ACE5AD3D4FE4}"
EndProject
Project("{FAE04EC0-301F-11D3-BF4B-00C04F79EFBC}") = "AvalonDock.TestApp", "AvalonDock\AvalonDock.TestApp\AvalonDock.TestApp.csproj", "{339BC0D5-2A54-40ED-9850-7ED65182E6E1}"
EndProject
Project("{FAE04EC0-301F-11D3-BF4B-00C04F79EFBC}") = "AvalonDock.WinFormsTestApp", "AvalonDock\AvalonDock.WinFormsTestApp\AvalonDock.WinFormsTestApp.csproj", "{AB95D11D-7239-4F3D-88FB-278B7C8EB6DF}"
EndProject
Project("{FAE04EC0-301F-11D3-BF4B-00C04F79EFBC}") = "CodeMask.WPF.AvalonDock", "AvalonDock\CodeMask.WPF.AvalonDock\CodeMask.WPF.AvalonDock.csproj", "{DB81988F-E0F2-45A0-A1FD-8C37F3D35244}"
EndProject
Project("{FAE04EC0-301F-11D3-BF4B-00C04F79EFBC}") = "CodeMask.WPF.AvalonDock.Themes.Aero", "AvalonDock\CodeMask.WPF.AvalonDock.Themes.Aero\CodeMask.WPF.AvalonDock.Themes.Aero.csproj", "{BA72CCE0-A9FB-4995-B496-7FEC5C87B85B}"
EndProject
Project("{FAE04EC0-301F-11D3-BF4B-00C04F79EFBC}") = "CodeMask.WPF.AvalonDock.Themes.VS2010", "AvalonDock\CodeMask.WPF.AvalonDock.Themes.VS2010\CodeMask.WPF.AvalonDock.Themes.VS2010.csproj", "{B3FC3E21-5F2D-4581-AEA2-59F671CFFC21}"
EndProject
Project("{FAE04EC0-301F-11D3-BF4B-00C04F79EFBC}") = "CodeMask.WPF.AvalonDock.Themes.Metro", "AvalonDock\CodeMask.WPF.AvalonDock.Themes.Metro\CodeMask.WPF.AvalonDock.Themes.Metro.csproj", "{89286EB4-B4A1-418C-839A-067B00F442D8}"
EndProject
Project("{FAE04EC0-301F-11D3-BF4B-00C04F79EFBC}") = "CodeMask.WPF.AvalonDock.Themes.Expression", "AvalonDock\CodeMask.WPF.AvalonDock.Themes.Expression\CodeMask.WPF.AvalonDock.Themes.Expression.csproj", "{488DD8F7-9D3C-4F53-BD1F-84A095D9BC10}"
EndProject
Project("{FAE04EC0-301F-11D3-BF4B-00C04F79EFBC}") = "CodeMask.WPF.AvalonDock.Themes.VS2013", "AvalonDock\CodeMask.WPF.AvalonDock.Themes.VS2013\CodeMask.WPF.AvalonDock.Themes.VS2013.csproj", "{493F2D9C-D36F-4C40-B941-525E338FCD35}"
EndProject
Global
	GlobalSection(SolutionConfigurationPlatforms) = preSolution
		Debug|Any CPU = Debug|Any CPU
		Debug|ARM = Debug|ARM
		Debug|x64 = Debug|x64
		Debug|x86 = Debug|x86
		Release|Any CPU = Release|Any CPU
		Release|ARM = Release|ARM
		Release|x64 = Release|x64
		Release|x86 = Release|x86
	EndGlobalSection
	GlobalSection(ProjectConfigurationPlatforms) = postSolution
		{3A9F76B8-76D8-46EB-9323-F4356CE51276}.Debug|Any CPU.ActiveCfg = Debug|Any CPU
		{3A9F76B8-76D8-46EB-9323-F4356CE51276}.Debug|Any CPU.Build.0 = Debug|Any CPU
		{3A9F76B8-76D8-46EB-9323-F4356CE51276}.Debug|ARM.ActiveCfg = Debug|Any CPU
		{3A9F76B8-76D8-46EB-9323-F4356CE51276}.Debug|ARM.Build.0 = Debug|Any CPU
		{3A9F76B8-76D8-46EB-9323-F4356CE51276}.Debug|x64.ActiveCfg = Debug|Any CPU
		{3A9F76B8-76D8-46EB-9323-F4356CE51276}.Debug|x64.Build.0 = Debug|Any CPU
		{3A9F76B8-76D8-46EB-9323-F4356CE51276}.Debug|x86.ActiveCfg = Debug|Any CPU
		{3A9F76B8-76D8-46EB-9323-F4356CE51276}.Debug|x86.Build.0 = Debug|Any CPU
		{3A9F76B8-76D8-46EB-9323-F4356CE51276}.Release|Any CPU.ActiveCfg = Release|Any CPU
		{3A9F76B8-76D8-46EB-9323-F4356CE51276}.Release|Any CPU.Build.0 = Release|Any CPU
		{3A9F76B8-76D8-46EB-9323-F4356CE51276}.Release|ARM.ActiveCfg = Release|Any CPU
		{3A9F76B8-76D8-46EB-9323-F4356CE51276}.Release|ARM.Build.0 = Release|Any CPU
		{3A9F76B8-76D8-46EB-9323-F4356CE51276}.Release|x64.ActiveCfg = Release|Any CPU
		{3A9F76B8-76D8-46EB-9323-F4356CE51276}.Release|x64.Build.0 = Release|Any CPU
		{3A9F76B8-76D8-46EB-9323-F4356CE51276}.Release|x86.ActiveCfg = Release|Any CPU
		{3A9F76B8-76D8-46EB-9323-F4356CE51276}.Release|x86.Build.0 = Release|Any CPU
		{B417BD98-127C-4458-B4D3-1350D1AA59AC}.Debug|Any CPU.ActiveCfg = Debug|Any CPU
		{B417BD98-127C-4458-B4D3-1350D1AA59AC}.Debug|Any CPU.Build.0 = Debug|Any CPU
		{B417BD98-127C-4458-B4D3-1350D1AA59AC}.Debug|ARM.ActiveCfg = Debug|Any CPU
		{B417BD98-127C-4458-B4D3-1350D1AA59AC}.Debug|ARM.Build.0 = Debug|Any CPU
		{B417BD98-127C-4458-B4D3-1350D1AA59AC}.Debug|x64.ActiveCfg = Debug|Any CPU
		{B417BD98-127C-4458-B4D3-1350D1AA59AC}.Debug|x64.Build.0 = Debug|Any CPU
		{B417BD98-127C-4458-B4D3-1350D1AA59AC}.Debug|x86.ActiveCfg = Debug|Any CPU
		{B417BD98-127C-4458-B4D3-1350D1AA59AC}.Debug|x86.Build.0 = Debug|Any CPU
		{B417BD98-127C-4458-B4D3-1350D1AA59AC}.Release|Any CPU.ActiveCfg = Release|Any CPU
		{B417BD98-127C-4458-B4D3-1350D1AA59AC}.Release|Any CPU.Build.0 = Release|Any CPU
		{B417BD98-127C-4458-B4D3-1350D1AA59AC}.Release|ARM.ActiveCfg = Release|Any CPU
		{B417BD98-127C-4458-B4D3-1350D1AA59AC}.Release|ARM.Build.0 = Release|Any CPU
		{B417BD98-127C-4458-B4D3-1350D1AA59AC}.Release|x64.ActiveCfg = Release|Any CPU
		{B417BD98-127C-4458-B4D3-1350D1AA59AC}.Release|x64.Build.0 = Release|Any CPU
		{B417BD98-127C-4458-B4D3-1350D1AA59AC}.Release|x86.ActiveCfg = Release|Any CPU
		{B417BD98-127C-4458-B4D3-1350D1AA59AC}.Release|x86.Build.0 = Release|Any CPU
		{FFD51C4A-9225-402A-B550-47B86E887331}.Debug|Any CPU.ActiveCfg = Debug|Any CPU
		{FFD51C4A-9225-402A-B550-47B86E887331}.Debug|Any CPU.Build.0 = Debug|Any CPU
		{FFD51C4A-9225-402A-B550-47B86E887331}.Debug|ARM.ActiveCfg = Debug|Any CPU
		{FFD51C4A-9225-402A-B550-47B86E887331}.Debug|ARM.Build.0 = Debug|Any CPU
		{FFD51C4A-9225-402A-B550-47B86E887331}.Debug|x64.ActiveCfg = Debug|Any CPU
		{FFD51C4A-9225-402A-B550-47B86E887331}.Debug|x64.Build.0 = Debug|Any CPU
		{FFD51C4A-9225-402A-B550-47B86E887331}.Debug|x86.ActiveCfg = Debug|Any CPU
		{FFD51C4A-9225-402A-B550-47B86E887331}.Debug|x86.Build.0 = Debug|Any CPU
		{FFD51C4A-9225-402A-B550-47B86E887331}.Release|Any CPU.ActiveCfg = Release|Any CPU
		{FFD51C4A-9225-402A-B550-47B86E887331}.Release|Any CPU.Build.0 = Release|Any CPU
		{FFD51C4A-9225-402A-B550-47B86E887331}.Release|ARM.ActiveCfg = Release|Any CPU
		{FFD51C4A-9225-402A-B550-47B86E887331}.Release|ARM.Build.0 = Release|Any CPU
		{FFD51C4A-9225-402A-B550-47B86E887331}.Release|x64.ActiveCfg = Release|Any CPU
		{FFD51C4A-9225-402A-B550-47B86E887331}.Release|x64.Build.0 = Release|Any CPU
		{FFD51C4A-9225-402A-B550-47B86E887331}.Release|x86.ActiveCfg = Release|Any CPU
		{FFD51C4A-9225-402A-B550-47B86E887331}.Release|x86.Build.0 = Release|Any CPU
		{EA80B0F7-F450-4963-AE63-626FD5A9A213}.Debug|Any CPU.ActiveCfg = Debug|Any CPU
		{EA80B0F7-F450-4963-AE63-626FD5A9A213}.Debug|Any CPU.Build.0 = Debug|Any CPU
		{EA80B0F7-F450-4963-AE63-626FD5A9A213}.Debug|ARM.ActiveCfg = Debug|Any CPU
		{EA80B0F7-F450-4963-AE63-626FD5A9A213}.Debug|ARM.Build.0 = Debug|Any CPU
		{EA80B0F7-F450-4963-AE63-626FD5A9A213}.Debug|x64.ActiveCfg = Debug|Any CPU
		{EA80B0F7-F450-4963-AE63-626FD5A9A213}.Debug|x64.Build.0 = Debug|Any CPU
		{EA80B0F7-F450-4963-AE63-626FD5A9A213}.Debug|x86.ActiveCfg = Debug|Any CPU
		{EA80B0F7-F450-4963-AE63-626FD5A9A213}.Debug|x86.Build.0 = Debug|Any CPU
		{EA80B0F7-F450-4963-AE63-626FD5A9A213}.Release|Any CPU.ActiveCfg = Release|Any CPU
		{EA80B0F7-F450-4963-AE63-626FD5A9A213}.Release|Any CPU.Build.0 = Release|Any CPU
		{EA80B0F7-F450-4963-AE63-626FD5A9A213}.Release|ARM.ActiveCfg = Release|Any CPU
		{EA80B0F7-F450-4963-AE63-626FD5A9A213}.Release|ARM.Build.0 = Release|Any CPU
		{EA80B0F7-F450-4963-AE63-626FD5A9A213}.Release|x64.ActiveCfg = Release|Any CPU
		{EA80B0F7-F450-4963-AE63-626FD5A9A213}.Release|x64.Build.0 = Release|Any CPU
		{EA80B0F7-F450-4963-AE63-626FD5A9A213}.Release|x86.ActiveCfg = Release|Any CPU
		{EA80B0F7-F450-4963-AE63-626FD5A9A213}.Release|x86.Build.0 = Release|Any CPU
		{DB428E21-E523-4680-A23E-15BB7779B776}.Debug|Any CPU.ActiveCfg = Debug|Any CPU
		{DB428E21-E523-4680-A23E-15BB7779B776}.Debug|Any CPU.Build.0 = Debug|Any CPU
		{DB428E21-E523-4680-A23E-15BB7779B776}.Debug|ARM.ActiveCfg = Debug|Any CPU
		{DB428E21-E523-4680-A23E-15BB7779B776}.Debug|ARM.Build.0 = Debug|Any CPU
		{DB428E21-E523-4680-A23E-15BB7779B776}.Debug|x64.ActiveCfg = Debug|Any CPU
		{DB428E21-E523-4680-A23E-15BB7779B776}.Debug|x64.Build.0 = Debug|Any CPU
		{DB428E21-E523-4680-A23E-15BB7779B776}.Debug|x86.ActiveCfg = Debug|Any CPU
		{DB428E21-E523-4680-A23E-15BB7779B776}.Debug|x86.Build.0 = Debug|Any CPU
		{DB428E21-E523-4680-A23E-15BB7779B776}.Release|Any CPU.ActiveCfg = Release|Any CPU
		{DB428E21-E523-4680-A23E-15BB7779B776}.Release|Any CPU.Build.0 = Release|Any CPU
		{DB428E21-E523-4680-A23E-15BB7779B776}.Release|ARM.ActiveCfg = Release|Any CPU
		{DB428E21-E523-4680-A23E-15BB7779B776}.Release|ARM.Build.0 = Release|Any CPU
		{DB428E21-E523-4680-A23E-15BB7779B776}.Release|x64.ActiveCfg = Release|Any CPU
		{DB428E21-E523-4680-A23E-15BB7779B776}.Release|x64.Build.0 = Release|Any CPU
		{DB428E21-E523-4680-A23E-15BB7779B776}.Release|x86.ActiveCfg = Release|Any CPU
		{DB428E21-E523-4680-A23E-15BB7779B776}.Release|x86.Build.0 = Release|Any CPU
		{AC4281DD-A867-4E6A-B6CE-B65136D4F763}.Debug|Any CPU.ActiveCfg = Debug|Any CPU
		{AC4281DD-A867-4E6A-B6CE-B65136D4F763}.Debug|Any CPU.Build.0 = Debug|Any CPU
		{AC4281DD-A867-4E6A-B6CE-B65136D4F763}.Debug|ARM.ActiveCfg = Debug|Any CPU
		{AC4281DD-A867-4E6A-B6CE-B65136D4F763}.Debug|ARM.Build.0 = Debug|Any CPU
		{AC4281DD-A867-4E6A-B6CE-B65136D4F763}.Debug|x64.ActiveCfg = Debug|Any CPU
		{AC4281DD-A867-4E6A-B6CE-B65136D4F763}.Debug|x64.Build.0 = Debug|Any CPU
		{AC4281DD-A867-4E6A-B6CE-B65136D4F763}.Debug|x86.ActiveCfg = Debug|Any CPU
		{AC4281DD-A867-4E6A-B6CE-B65136D4F763}.Debug|x86.Build.0 = Debug|Any CPU
		{AC4281DD-A867-4E6A-B6CE-B65136D4F763}.Release|Any CPU.ActiveCfg = Release|Any CPU
		{AC4281DD-A867-4E6A-B6CE-B65136D4F763}.Release|Any CPU.Build.0 = Release|Any CPU
		{AC4281DD-A867-4E6A-B6CE-B65136D4F763}.Release|ARM.ActiveCfg = Release|Any CPU
		{AC4281DD-A867-4E6A-B6CE-B65136D4F763}.Release|ARM.Build.0 = Release|Any CPU
		{AC4281DD-A867-4E6A-B6CE-B65136D4F763}.Release|x64.ActiveCfg = Release|Any CPU
		{AC4281DD-A867-4E6A-B6CE-B65136D4F763}.Release|x64.Build.0 = Release|Any CPU
		{AC4281DD-A867-4E6A-B6CE-B65136D4F763}.Release|x86.ActiveCfg = Release|Any CPU
		{AC4281DD-A867-4E6A-B6CE-B65136D4F763}.Release|x86.Build.0 = Release|Any CPU
		{BB93D807-093F-4041-9060-0B393F93E82E}.Debug|Any CPU.ActiveCfg = Debug|Any CPU
		{BB93D807-093F-4041-9060-0B393F93E82E}.Debug|Any CPU.Build.0 = Debug|Any CPU
		{BB93D807-093F-4041-9060-0B393F93E82E}.Debug|ARM.ActiveCfg = Debug|Any CPU
		{BB93D807-093F-4041-9060-0B393F93E82E}.Debug|ARM.Build.0 = Debug|Any CPU
		{BB93D807-093F-4041-9060-0B393F93E82E}.Debug|x64.ActiveCfg = Debug|Any CPU
		{BB93D807-093F-4041-9060-0B393F93E82E}.Debug|x64.Build.0 = Debug|Any CPU
		{BB93D807-093F-4041-9060-0B393F93E82E}.Debug|x86.ActiveCfg = Debug|Any CPU
		{BB93D807-093F-4041-9060-0B393F93E82E}.Debug|x86.Build.0 = Debug|Any CPU
		{BB93D807-093F-4041-9060-0B393F93E82E}.Release|Any CPU.ActiveCfg = Release|Any CPU
		{BB93D807-093F-4041-9060-0B393F93E82E}.Release|Any CPU.Build.0 = Release|Any CPU
		{BB93D807-093F-4041-9060-0B393F93E82E}.Release|ARM.ActiveCfg = Release|Any CPU
		{BB93D807-093F-4041-9060-0B393F93E82E}.Release|ARM.Build.0 = Release|Any CPU
		{BB93D807-093F-4041-9060-0B393F93E82E}.Release|x64.ActiveCfg = Release|Any CPU
		{BB93D807-093F-4041-9060-0B393F93E82E}.Release|x64.Build.0 = Release|Any CPU
		{BB93D807-093F-4041-9060-0B393F93E82E}.Release|x86.ActiveCfg = Release|Any CPU
		{BB93D807-093F-4041-9060-0B393F93E82E}.Release|x86.Build.0 = Release|Any CPU
		{2D811809-48BD-4ACC-A5E5-0B39CA43C257}.Debug|Any CPU.ActiveCfg = Debug|Any CPU
		{2D811809-48BD-4ACC-A5E5-0B39CA43C257}.Debug|Any CPU.Build.0 = Debug|Any CPU
		{2D811809-48BD-4ACC-A5E5-0B39CA43C257}.Debug|ARM.ActiveCfg = Debug|Any CPU
		{2D811809-48BD-4ACC-A5E5-0B39CA43C257}.Debug|ARM.Build.0 = Debug|Any CPU
		{2D811809-48BD-4ACC-A5E5-0B39CA43C257}.Debug|x64.ActiveCfg = Debug|Any CPU
		{2D811809-48BD-4ACC-A5E5-0B39CA43C257}.Debug|x64.Build.0 = Debug|Any CPU
		{2D811809-48BD-4ACC-A5E5-0B39CA43C257}.Debug|x86.ActiveCfg = Debug|Any CPU
		{2D811809-48BD-4ACC-A5E5-0B39CA43C257}.Debug|x86.Build.0 = Debug|Any CPU
		{2D811809-48BD-4ACC-A5E5-0B39CA43C257}.Release|Any CPU.ActiveCfg = Release|Any CPU
		{2D811809-48BD-4ACC-A5E5-0B39CA43C257}.Release|Any CPU.Build.0 = Release|Any CPU
		{2D811809-48BD-4ACC-A5E5-0B39CA43C257}.Release|ARM.ActiveCfg = Release|Any CPU
		{2D811809-48BD-4ACC-A5E5-0B39CA43C257}.Release|ARM.Build.0 = Release|Any CPU
		{2D811809-48BD-4ACC-A5E5-0B39CA43C257}.Release|x64.ActiveCfg = Release|Any CPU
		{2D811809-48BD-4ACC-A5E5-0B39CA43C257}.Release|x64.Build.0 = Release|Any CPU
		{2D811809-48BD-4ACC-A5E5-0B39CA43C257}.Release|x86.ActiveCfg = Release|Any CPU
		{2D811809-48BD-4ACC-A5E5-0B39CA43C257}.Release|x86.Build.0 = Release|Any CPU
		{0A92ADF2-D262-4217-8325-AA2C88C842CD}.Debug|Any CPU.ActiveCfg = Debug|Any CPU
		{0A92ADF2-D262-4217-8325-AA2C88C842CD}.Debug|Any CPU.Build.0 = Debug|Any CPU
		{0A92ADF2-D262-4217-8325-AA2C88C842CD}.Debug|ARM.ActiveCfg = Debug|ARM
		{0A92ADF2-D262-4217-8325-AA2C88C842CD}.Debug|ARM.Build.0 = Debug|ARM
		{0A92ADF2-D262-4217-8325-AA2C88C842CD}.Debug|x64.ActiveCfg = Debug|x64
		{0A92ADF2-D262-4217-8325-AA2C88C842CD}.Debug|x64.Build.0 = Debug|x64
		{0A92ADF2-D262-4217-8325-AA2C88C842CD}.Debug|x86.ActiveCfg = Debug|x86
		{0A92ADF2-D262-4217-8325-AA2C88C842CD}.Debug|x86.Build.0 = Debug|x86
		{0A92ADF2-D262-4217-8325-AA2C88C842CD}.Release|Any CPU.ActiveCfg = Release|Any CPU
		{0A92ADF2-D262-4217-8325-AA2C88C842CD}.Release|Any CPU.Build.0 = Release|Any CPU
		{0A92ADF2-D262-4217-8325-AA2C88C842CD}.Release|ARM.ActiveCfg = Release|ARM
		{0A92ADF2-D262-4217-8325-AA2C88C842CD}.Release|ARM.Build.0 = Release|ARM
		{0A92ADF2-D262-4217-8325-AA2C88C842CD}.Release|x64.ActiveCfg = Release|x64
		{0A92ADF2-D262-4217-8325-AA2C88C842CD}.Release|x64.Build.0 = Release|x64
		{0A92ADF2-D262-4217-8325-AA2C88C842CD}.Release|x86.ActiveCfg = Release|x86
		{0A92ADF2-D262-4217-8325-AA2C88C842CD}.Release|x86.Build.0 = Release|x86
		{0845032D-7271-4E87-9A3F-AE4189459FF7}.Debug|Any CPU.ActiveCfg = Debug|Any CPU
		{0845032D-7271-4E87-9A3F-AE4189459FF7}.Debug|Any CPU.Build.0 = Debug|Any CPU
		{0845032D-7271-4E87-9A3F-AE4189459FF7}.Debug|ARM.ActiveCfg = Debug|Any CPU
		{0845032D-7271-4E87-9A3F-AE4189459FF7}.Debug|ARM.Build.0 = Debug|Any CPU
		{0845032D-7271-4E87-9A3F-AE4189459FF7}.Debug|x64.ActiveCfg = Debug|Any CPU
		{0845032D-7271-4E87-9A3F-AE4189459FF7}.Debug|x64.Build.0 = Debug|Any CPU
		{0845032D-7271-4E87-9A3F-AE4189459FF7}.Debug|x86.ActiveCfg = Debug|Any CPU
		{0845032D-7271-4E87-9A3F-AE4189459FF7}.Debug|x86.Build.0 = Debug|Any CPU
		{0845032D-7271-4E87-9A3F-AE4189459FF7}.Release|Any CPU.ActiveCfg = Release|Any CPU
		{0845032D-7271-4E87-9A3F-AE4189459FF7}.Release|Any CPU.Build.0 = Release|Any CPU
		{0845032D-7271-4E87-9A3F-AE4189459FF7}.Release|ARM.ActiveCfg = Release|Any CPU
		{0845032D-7271-4E87-9A3F-AE4189459FF7}.Release|ARM.Build.0 = Release|Any CPU
		{0845032D-7271-4E87-9A3F-AE4189459FF7}.Release|x64.ActiveCfg = Release|Any CPU
		{0845032D-7271-4E87-9A3F-AE4189459FF7}.Release|x64.Build.0 = Release|Any CPU
		{0845032D-7271-4E87-9A3F-AE4189459FF7}.Release|x86.ActiveCfg = Release|Any CPU
		{0845032D-7271-4E87-9A3F-AE4189459FF7}.Release|x86.Build.0 = Release|Any CPU
		{B0AB59C3-EE7F-4250-B314-14470AF19A77}.Debug|Any CPU.ActiveCfg = Debug|Any CPU
		{B0AB59C3-EE7F-4250-B314-14470AF19A77}.Debug|Any CPU.Build.0 = Debug|Any CPU
		{B0AB59C3-EE7F-4250-B314-14470AF19A77}.Debug|ARM.ActiveCfg = Debug|Any CPU
		{B0AB59C3-EE7F-4250-B314-14470AF19A77}.Debug|ARM.Build.0 = Debug|Any CPU
		{B0AB59C3-EE7F-4250-B314-14470AF19A77}.Debug|x64.ActiveCfg = Debug|Any CPU
		{B0AB59C3-EE7F-4250-B314-14470AF19A77}.Debug|x64.Build.0 = Debug|Any CPU
		{B0AB59C3-EE7F-4250-B314-14470AF19A77}.Debug|x86.ActiveCfg = Debug|Any CPU
		{B0AB59C3-EE7F-4250-B314-14470AF19A77}.Debug|x86.Build.0 = Debug|Any CPU
		{B0AB59C3-EE7F-4250-B314-14470AF19A77}.Release|Any CPU.ActiveCfg = Release|Any CPU
		{B0AB59C3-EE7F-4250-B314-14470AF19A77}.Release|Any CPU.Build.0 = Release|Any CPU
		{B0AB59C3-EE7F-4250-B314-14470AF19A77}.Release|ARM.ActiveCfg = Release|Any CPU
		{B0AB59C3-EE7F-4250-B314-14470AF19A77}.Release|ARM.Build.0 = Release|Any CPU
		{B0AB59C3-EE7F-4250-B314-14470AF19A77}.Release|x64.ActiveCfg = Release|Any CPU
		{B0AB59C3-EE7F-4250-B314-14470AF19A77}.Release|x64.Build.0 = Release|Any CPU
		{B0AB59C3-EE7F-4250-B314-14470AF19A77}.Release|x86.ActiveCfg = Release|Any CPU
		{B0AB59C3-EE7F-4250-B314-14470AF19A77}.Release|x86.Build.0 = Release|Any CPU
		{FBC1A727-5586-4DD8-A105-4EF50D05492A}.Debug|Any CPU.ActiveCfg = Debug|Any CPU
		{FBC1A727-5586-4DD8-A105-4EF50D05492A}.Debug|Any CPU.Build.0 = Debug|Any CPU
		{FBC1A727-5586-4DD8-A105-4EF50D05492A}.Debug|ARM.ActiveCfg = Debug|Any CPU
		{FBC1A727-5586-4DD8-A105-4EF50D05492A}.Debug|ARM.Build.0 = Debug|Any CPU
		{FBC1A727-5586-4DD8-A105-4EF50D05492A}.Debug|x64.ActiveCfg = Debug|Any CPU
		{FBC1A727-5586-4DD8-A105-4EF50D05492A}.Debug|x64.Build.0 = Debug|Any CPU
		{FBC1A727-5586-4DD8-A105-4EF50D05492A}.Debug|x86.ActiveCfg = Debug|Any CPU
		{FBC1A727-5586-4DD8-A105-4EF50D05492A}.Debug|x86.Build.0 = Debug|Any CPU
		{FBC1A727-5586-4DD8-A105-4EF50D05492A}.Release|Any CPU.ActiveCfg = Release|Any CPU
		{FBC1A727-5586-4DD8-A105-4EF50D05492A}.Release|Any CPU.Build.0 = Release|Any CPU
		{FBC1A727-5586-4DD8-A105-4EF50D05492A}.Release|ARM.ActiveCfg = Release|Any CPU
		{FBC1A727-5586-4DD8-A105-4EF50D05492A}.Release|ARM.Build.0 = Release|Any CPU
		{FBC1A727-5586-4DD8-A105-4EF50D05492A}.Release|x64.ActiveCfg = Release|Any CPU
		{FBC1A727-5586-4DD8-A105-4EF50D05492A}.Release|x64.Build.0 = Release|Any CPU
		{FBC1A727-5586-4DD8-A105-4EF50D05492A}.Release|x86.ActiveCfg = Release|Any CPU
		{FBC1A727-5586-4DD8-A105-4EF50D05492A}.Release|x86.Build.0 = Release|Any CPU
		{AFD48591-D66C-47F3-86E7-ACE5AD3D4FE4}.Debug|Any CPU.ActiveCfg = Debug|x86
		{AFD48591-D66C-47F3-86E7-ACE5AD3D4FE4}.Debug|ARM.ActiveCfg = Debug|x86
		{AFD48591-D66C-47F3-86E7-ACE5AD3D4FE4}.Debug|x64.ActiveCfg = Debug|x86
		{AFD48591-D66C-47F3-86E7-ACE5AD3D4FE4}.Debug|x86.ActiveCfg = Debug|x86
		{AFD48591-D66C-47F3-86E7-ACE5AD3D4FE4}.Debug|x86.Build.0 = Debug|x86
		{AFD48591-D66C-47F3-86E7-ACE5AD3D4FE4}.Release|Any CPU.ActiveCfg = Release|x86
		{AFD48591-D66C-47F3-86E7-ACE5AD3D4FE4}.Release|ARM.ActiveCfg = Release|x86
		{AFD48591-D66C-47F3-86E7-ACE5AD3D4FE4}.Release|x64.ActiveCfg = Release|x86
		{AFD48591-D66C-47F3-86E7-ACE5AD3D4FE4}.Release|x86.ActiveCfg = Release|x86
		{AFD48591-D66C-47F3-86E7-ACE5AD3D4FE4}.Release|x86.Build.0 = Release|x86
		{339BC0D5-2A54-40ED-9850-7ED65182E6E1}.Debug|Any CPU.ActiveCfg = Debug|x86
		{339BC0D5-2A54-40ED-9850-7ED65182E6E1}.Debug|ARM.ActiveCfg = Debug|x86
		{339BC0D5-2A54-40ED-9850-7ED65182E6E1}.Debug|x64.ActiveCfg = Debug|x86
		{339BC0D5-2A54-40ED-9850-7ED65182E6E1}.Debug|x86.ActiveCfg = Debug|x86
		{339BC0D5-2A54-40ED-9850-7ED65182E6E1}.Debug|x86.Build.0 = Debug|x86
		{339BC0D5-2A54-40ED-9850-7ED65182E6E1}.Release|Any CPU.ActiveCfg = Release|x86
		{339BC0D5-2A54-40ED-9850-7ED65182E6E1}.Release|ARM.ActiveCfg = Release|x86
		{339BC0D5-2A54-40ED-9850-7ED65182E6E1}.Release|x64.ActiveCfg = Release|x86
		{339BC0D5-2A54-40ED-9850-7ED65182E6E1}.Release|x86.ActiveCfg = Release|x86
		{339BC0D5-2A54-40ED-9850-7ED65182E6E1}.Release|x86.Build.0 = Release|x86
		{AB95D11D-7239-4F3D-88FB-278B7C8EB6DF}.Debug|Any CPU.ActiveCfg = Debug|x86
		{AB95D11D-7239-4F3D-88FB-278B7C8EB6DF}.Debug|ARM.ActiveCfg = Debug|x86
		{AB95D11D-7239-4F3D-88FB-278B7C8EB6DF}.Debug|x64.ActiveCfg = Debug|x86
		{AB95D11D-7239-4F3D-88FB-278B7C8EB6DF}.Debug|x86.ActiveCfg = Debug|x86
		{AB95D11D-7239-4F3D-88FB-278B7C8EB6DF}.Debug|x86.Build.0 = Debug|x86
		{AB95D11D-7239-4F3D-88FB-278B7C8EB6DF}.Release|Any CPU.ActiveCfg = Release|x86
		{AB95D11D-7239-4F3D-88FB-278B7C8EB6DF}.Release|ARM.ActiveCfg = Release|x86
		{AB95D11D-7239-4F3D-88FB-278B7C8EB6DF}.Release|x64.ActiveCfg = Release|x86
		{AB95D11D-7239-4F3D-88FB-278B7C8EB6DF}.Release|x86.ActiveCfg = Release|x86
		{AB95D11D-7239-4F3D-88FB-278B7C8EB6DF}.Release|x86.Build.0 = Release|x86
		{DB81988F-E0F2-45A0-A1FD-8C37F3D35244}.Debug|Any CPU.ActiveCfg = Debug|Any CPU
		{DB81988F-E0F2-45A0-A1FD-8C37F3D35244}.Debug|Any CPU.Build.0 = Debug|Any CPU
		{DB81988F-E0F2-45A0-A1FD-8C37F3D35244}.Debug|ARM.ActiveCfg = Debug|Any CPU
		{DB81988F-E0F2-45A0-A1FD-8C37F3D35244}.Debug|ARM.Build.0 = Debug|Any CPU
		{DB81988F-E0F2-45A0-A1FD-8C37F3D35244}.Debug|x64.ActiveCfg = Debug|Any CPU
		{DB81988F-E0F2-45A0-A1FD-8C37F3D35244}.Debug|x64.Build.0 = Debug|Any CPU
		{DB81988F-E0F2-45A0-A1FD-8C37F3D35244}.Debug|x86.ActiveCfg = Debug|Any CPU
		{DB81988F-E0F2-45A0-A1FD-8C37F3D35244}.Debug|x86.Build.0 = Debug|Any CPU
		{DB81988F-E0F2-45A0-A1FD-8C37F3D35244}.Release|Any CPU.ActiveCfg = Release|Any CPU
		{DB81988F-E0F2-45A0-A1FD-8C37F3D35244}.Release|Any CPU.Build.0 = Release|Any CPU
		{DB81988F-E0F2-45A0-A1FD-8C37F3D35244}.Release|ARM.ActiveCfg = Release|Any CPU
		{DB81988F-E0F2-45A0-A1FD-8C37F3D35244}.Release|ARM.Build.0 = Release|Any CPU
		{DB81988F-E0F2-45A0-A1FD-8C37F3D35244}.Release|x64.ActiveCfg = Release|Any CPU
		{DB81988F-E0F2-45A0-A1FD-8C37F3D35244}.Release|x64.Build.0 = Release|Any CPU
		{DB81988F-E0F2-45A0-A1FD-8C37F3D35244}.Release|x86.ActiveCfg = Release|Any CPU
		{DB81988F-E0F2-45A0-A1FD-8C37F3D35244}.Release|x86.Build.0 = Release|Any CPU
		{BA72CCE0-A9FB-4995-B496-7FEC5C87B85B}.Debug|Any CPU.ActiveCfg = Debug|Any CPU
		{BA72CCE0-A9FB-4995-B496-7FEC5C87B85B}.Debug|Any CPU.Build.0 = Debug|Any CPU
		{BA72CCE0-A9FB-4995-B496-7FEC5C87B85B}.Debug|ARM.ActiveCfg = Debug|Any CPU
		{BA72CCE0-A9FB-4995-B496-7FEC5C87B85B}.Debug|ARM.Build.0 = Debug|Any CPU
		{BA72CCE0-A9FB-4995-B496-7FEC5C87B85B}.Debug|x64.ActiveCfg = Debug|Any CPU
		{BA72CCE0-A9FB-4995-B496-7FEC5C87B85B}.Debug|x64.Build.0 = Debug|Any CPU
		{BA72CCE0-A9FB-4995-B496-7FEC5C87B85B}.Debug|x86.ActiveCfg = Debug|Any CPU
		{BA72CCE0-A9FB-4995-B496-7FEC5C87B85B}.Debug|x86.Build.0 = Debug|Any CPU
		{BA72CCE0-A9FB-4995-B496-7FEC5C87B85B}.Release|Any CPU.ActiveCfg = Release|Any CPU
		{BA72CCE0-A9FB-4995-B496-7FEC5C87B85B}.Release|Any CPU.Build.0 = Release|Any CPU
		{BA72CCE0-A9FB-4995-B496-7FEC5C87B85B}.Release|ARM.ActiveCfg = Release|Any CPU
		{BA72CCE0-A9FB-4995-B496-7FEC5C87B85B}.Release|ARM.Build.0 = Release|Any CPU
		{BA72CCE0-A9FB-4995-B496-7FEC5C87B85B}.Release|x64.ActiveCfg = Release|Any CPU
		{BA72CCE0-A9FB-4995-B496-7FEC5C87B85B}.Release|x64.Build.0 = Release|Any CPU
		{BA72CCE0-A9FB-4995-B496-7FEC5C87B85B}.Release|x86.ActiveCfg = Release|Any CPU
		{BA72CCE0-A9FB-4995-B496-7FEC5C87B85B}.Release|x86.Build.0 = Release|Any CPU
		{B3FC3E21-5F2D-4581-AEA2-59F671CFFC21}.Debug|Any CPU.ActiveCfg = Debug|Any CPU
		{B3FC3E21-5F2D-4581-AEA2-59F671CFFC21}.Debug|Any CPU.Build.0 = Debug|Any CPU
		{B3FC3E21-5F2D-4581-AEA2-59F671CFFC21}.Debug|ARM.ActiveCfg = Debug|Any CPU
		{B3FC3E21-5F2D-4581-AEA2-59F671CFFC21}.Debug|ARM.Build.0 = Debug|Any CPU
		{B3FC3E21-5F2D-4581-AEA2-59F671CFFC21}.Debug|x64.ActiveCfg = Debug|Any CPU
		{B3FC3E21-5F2D-4581-AEA2-59F671CFFC21}.Debug|x64.Build.0 = Debug|Any CPU
		{B3FC3E21-5F2D-4581-AEA2-59F671CFFC21}.Debug|x86.ActiveCfg = Debug|Any CPU
		{B3FC3E21-5F2D-4581-AEA2-59F671CFFC21}.Debug|x86.Build.0 = Debug|Any CPU
		{B3FC3E21-5F2D-4581-AEA2-59F671CFFC21}.Release|Any CPU.ActiveCfg = Release|Any CPU
		{B3FC3E21-5F2D-4581-AEA2-59F671CFFC21}.Release|Any CPU.Build.0 = Release|Any CPU
		{B3FC3E21-5F2D-4581-AEA2-59F671CFFC21}.Release|ARM.ActiveCfg = Release|Any CPU
		{B3FC3E21-5F2D-4581-AEA2-59F671CFFC21}.Release|ARM.Build.0 = Release|Any CPU
		{B3FC3E21-5F2D-4581-AEA2-59F671CFFC21}.Release|x64.ActiveCfg = Release|Any CPU
		{B3FC3E21-5F2D-4581-AEA2-59F671CFFC21}.Release|x64.Build.0 = Release|Any CPU
		{B3FC3E21-5F2D-4581-AEA2-59F671CFFC21}.Release|x86.ActiveCfg = Release|Any CPU
		{B3FC3E21-5F2D-4581-AEA2-59F671CFFC21}.Release|x86.Build.0 = Release|Any CPU
		{89286EB4-B4A1-418C-839A-067B00F442D8}.Debug|Any CPU.ActiveCfg = Debug|Any CPU
		{89286EB4-B4A1-418C-839A-067B00F442D8}.Debug|Any CPU.Build.0 = Debug|Any CPU
		{89286EB4-B4A1-418C-839A-067B00F442D8}.Debug|ARM.ActiveCfg = Debug|Any CPU
		{89286EB4-B4A1-418C-839A-067B00F442D8}.Debug|ARM.Build.0 = Debug|Any CPU
		{89286EB4-B4A1-418C-839A-067B00F442D8}.Debug|x64.ActiveCfg = Debug|Any CPU
		{89286EB4-B4A1-418C-839A-067B00F442D8}.Debug|x64.Build.0 = Debug|Any CPU
		{89286EB4-B4A1-418C-839A-067B00F442D8}.Debug|x86.ActiveCfg = Debug|Any CPU
		{89286EB4-B4A1-418C-839A-067B00F442D8}.Debug|x86.Build.0 = Debug|Any CPU
		{89286EB4-B4A1-418C-839A-067B00F442D8}.Release|Any CPU.ActiveCfg = Release|Any CPU
		{89286EB4-B4A1-418C-839A-067B00F442D8}.Release|Any CPU.Build.0 = Release|Any CPU
		{89286EB4-B4A1-418C-839A-067B00F442D8}.Release|ARM.ActiveCfg = Release|Any CPU
		{89286EB4-B4A1-418C-839A-067B00F442D8}.Release|ARM.Build.0 = Release|Any CPU
		{89286EB4-B4A1-418C-839A-067B00F442D8}.Release|x64.ActiveCfg = Release|Any CPU
		{89286EB4-B4A1-418C-839A-067B00F442D8}.Release|x64.Build.0 = Release|Any CPU
		{89286EB4-B4A1-418C-839A-067B00F442D8}.Release|x86.ActiveCfg = Release|Any CPU
		{89286EB4-B4A1-418C-839A-067B00F442D8}.Release|x86.Build.0 = Release|Any CPU
		{488DD8F7-9D3C-4F53-BD1F-84A095D9BC10}.Debug|Any CPU.ActiveCfg = Debug|Any CPU
		{488DD8F7-9D3C-4F53-BD1F-84A095D9BC10}.Debug|Any CPU.Build.0 = Debug|Any CPU
		{488DD8F7-9D3C-4F53-BD1F-84A095D9BC10}.Debug|ARM.ActiveCfg = Debug|Any CPU
		{488DD8F7-9D3C-4F53-BD1F-84A095D9BC10}.Debug|ARM.Build.0 = Debug|Any CPU
		{488DD8F7-9D3C-4F53-BD1F-84A095D9BC10}.Debug|x64.ActiveCfg = Debug|Any CPU
		{488DD8F7-9D3C-4F53-BD1F-84A095D9BC10}.Debug|x64.Build.0 = Debug|Any CPU
		{488DD8F7-9D3C-4F53-BD1F-84A095D9BC10}.Debug|x86.ActiveCfg = Debug|Any CPU
		{488DD8F7-9D3C-4F53-BD1F-84A095D9BC10}.Debug|x86.Build.0 = Debug|Any CPU
		{488DD8F7-9D3C-4F53-BD1F-84A095D9BC10}.Release|Any CPU.ActiveCfg = Release|Any CPU
		{488DD8F7-9D3C-4F53-BD1F-84A095D9BC10}.Release|Any CPU.Build.0 = Release|Any CPU
		{488DD8F7-9D3C-4F53-BD1F-84A095D9BC10}.Release|ARM.ActiveCfg = Release|Any CPU
		{488DD8F7-9D3C-4F53-BD1F-84A095D9BC10}.Release|ARM.Build.0 = Release|Any CPU
		{488DD8F7-9D3C-4F53-BD1F-84A095D9BC10}.Release|x64.ActiveCfg = Release|Any CPU
		{488DD8F7-9D3C-4F53-BD1F-84A095D9BC10}.Release|x64.Build.0 = Release|Any CPU
		{488DD8F7-9D3C-4F53-BD1F-84A095D9BC10}.Release|x86.ActiveCfg = Release|Any CPU
		{488DD8F7-9D3C-4F53-BD1F-84A095D9BC10}.Release|x86.Build.0 = Release|Any CPU
		{493F2D9C-D36F-4C40-B941-525E338FCD35}.Debug|Any CPU.ActiveCfg = Debug|Any CPU
		{493F2D9C-D36F-4C40-B941-525E338FCD35}.Debug|Any CPU.Build.0 = Debug|Any CPU
		{493F2D9C-D36F-4C40-B941-525E338FCD35}.Debug|ARM.ActiveCfg = Debug|Any CPU
		{493F2D9C-D36F-4C40-B941-525E338FCD35}.Debug|ARM.Build.0 = Debug|Any CPU
		{493F2D9C-D36F-4C40-B941-525E338FCD35}.Debug|x64.ActiveCfg = Debug|Any CPU
		{493F2D9C-D36F-4C40-B941-525E338FCD35}.Debug|x64.Build.0 = Debug|Any CPU
		{493F2D9C-D36F-4C40-B941-525E338FCD35}.Debug|x86.ActiveCfg = Debug|Any CPU
		{493F2D9C-D36F-4C40-B941-525E338FCD35}.Debug|x86.Build.0 = Debug|Any CPU
		{493F2D9C-D36F-4C40-B941-525E338FCD35}.Release|Any CPU.ActiveCfg = Release|Any CPU
		{493F2D9C-D36F-4C40-B941-525E338FCD35}.Release|Any CPU.Build.0 = Release|Any CPU
		{493F2D9C-D36F-4C40-B941-525E338FCD35}.Release|ARM.ActiveCfg = Release|Any CPU
		{493F2D9C-D36F-4C40-B941-525E338FCD35}.Release|ARM.Build.0 = Release|Any CPU
		{493F2D9C-D36F-4C40-B941-525E338FCD35}.Release|x64.ActiveCfg = Release|Any CPU
		{493F2D9C-D36F-4C40-B941-525E338FCD35}.Release|x64.Build.0 = Release|Any CPU
		{493F2D9C-D36F-4C40-B941-525E338FCD35}.Release|x86.ActiveCfg = Release|Any CPU
		{493F2D9C-D36F-4C40-B941-525E338FCD35}.Release|x86.Build.0 = Release|Any CPU
	EndGlobalSection
	GlobalSection(SolutionProperties) = preSolution
		HideSolutionNode = FALSE
	EndGlobalSection
	GlobalSection(NestedProjects) = preSolution
		{3A9F76B8-76D8-46EB-9323-F4356CE51276} = {EF93FAC0-657E-4A47-A80B-94952F8770EA}
		{B417BD98-127C-4458-B4D3-1350D1AA59AC} = {D0D0CAE4-9B7D-42A4-B1EC-6861728931B8}
		{FFD51C4A-9225-402A-B550-47B86E887331} = {CB009C80-EABA-4C84-8C6C-66A94C0F340D}
		{EA80B0F7-F450-4963-AE63-626FD5A9A213} = {D0D0CAE4-9B7D-42A4-B1EC-6861728931B8}
		{DB428E21-E523-4680-A23E-15BB7779B776} = {EF93FAC0-657E-4A47-A80B-94952F8770EA}
		{AC4281DD-A867-4E6A-B6CE-B65136D4F763} = {CB009C80-EABA-4C84-8C6C-66A94C0F340D}
		{BB93D807-093F-4041-9060-0B393F93E82E} = {D0D0CAE4-9B7D-42A4-B1EC-6861728931B8}
		{2D811809-48BD-4ACC-A5E5-0B39CA43C257} = {D0D0CAE4-9B7D-42A4-B1EC-6861728931B8}
		{0A92ADF2-D262-4217-8325-AA2C88C842CD} = {9356500F-9912-415B-808A-0E39916E694C}
		{0845032D-7271-4E87-9A3F-AE4189459FF7} = {D0D0CAE4-9B7D-42A4-B1EC-6861728931B8}
		{B0AB59C3-EE7F-4250-B314-14470AF19A77} = {D0D0CAE4-9B7D-42A4-B1EC-6861728931B8}
		{FBC1A727-5586-4DD8-A105-4EF50D05492A} = {CB009C80-EABA-4C84-8C6C-66A94C0F340D}
		{7DF5412C-1DE4-4420-8727-0FFE72DEF042} = {D0D0CAE4-9B7D-42A4-B1EC-6861728931B8}
		{AFD48591-D66C-47F3-86E7-ACE5AD3D4FE4} = {7DF5412C-1DE4-4420-8727-0FFE72DEF042}
		{339BC0D5-2A54-40ED-9850-7ED65182E6E1} = {7DF5412C-1DE4-4420-8727-0FFE72DEF042}
		{AB95D11D-7239-4F3D-88FB-278B7C8EB6DF} = {7DF5412C-1DE4-4420-8727-0FFE72DEF042}
		{DB81988F-E0F2-45A0-A1FD-8C37F3D35244} = {7DF5412C-1DE4-4420-8727-0FFE72DEF042}
		{BA72CCE0-A9FB-4995-B496-7FEC5C87B85B} = {7DF5412C-1DE4-4420-8727-0FFE72DEF042}
		{B3FC3E21-5F2D-4581-AEA2-59F671CFFC21} = {7DF5412C-1DE4-4420-8727-0FFE72DEF042}
		{89286EB4-B4A1-418C-839A-067B00F442D8} = {7DF5412C-1DE4-4420-8727-0FFE72DEF042}
		{488DD8F7-9D3C-4F53-BD1F-84A095D9BC10} = {7DF5412C-1DE4-4420-8727-0FFE72DEF042}
		{493F2D9C-D36F-4C40-B941-525E338FCD35} = {7DF5412C-1DE4-4420-8727-0FFE72DEF042}
	EndGlobalSection
EndGlobal
